
Microsoft Visual Studio Solution File, Format Version 12.00
# Visual Studio Version 17
VisualStudioVersion = 17.8.34408.163
MinimumVisualStudioVersion = 10.0.40219.1
Project("{FAE04EC0-301F-11D3-BF4B-00C04F79EFBC}") = "DemoCRUD.API", "DemoCRUD.API\DemoCRUD.API.csproj", "{E7556355-11B1-4BCB-A19F-533D71896DC0}"
EndProject
Project("{FAE04EC0-301F-11D3-BF4B-00C04F79EFBC}") = "DemoCRUD.Service", "DemoCRUD.Service\DemoCRUD.Service.csproj", "{E58C7DC1-4614-4FD7-871E-9E0BE03A1AD2}"
EndProject
Project("{FAE04EC0-301F-11D3-BF4B-00C04F79EFBC}") = "DemoCRUD.Model", "DemoCRUD.Model\DemoCRUD.Model.csproj", "{C710F762-735F-4474-A244-F76C0F34A2C4}"
EndProject
Project("{FAE04EC0-301F-11D3-BF4B-00C04F79EFBC}") = "DemoCRUD.Data", "DemoCRUD.Data\DemoCRUD.Data.csproj", "{A1E8F4BC-BD37-4113-8A4C-58EA6BC4C91C}"
EndProject
Project("{FAE04EC0-301F-11D3-BF4B-00C04F79EFBC}") = "DemoCRUD.DTO", "DemoCRUD.DTO\DemoCRUD.DTO.csproj", "{ED029217-1CDA-4B21-9597-174D81BB941F}"
EndProject
Global
	GlobalSection(SolutionConfigurationPlatforms) = preSolution
		Debug|Any CPU = Debug|Any CPU
		Release|Any CPU = Release|Any CPU
	EndGlobalSection
	GlobalSection(ProjectConfigurationPlatforms) = postSolution
		{E7556355-11B1-4BCB-A19F-533D71896DC0}.Debug|Any CPU.ActiveCfg = Debug|Any CPU
		{E7556355-11B1-4BCB-A19F-533D71896DC0}.Debug|Any CPU.Build.0 = Debug|Any CPU
		{E7556355-11B1-4BCB-A19F-533D71896DC0}.Release|Any CPU.ActiveCfg = Release|Any CPU
		{E7556355-11B1-4BCB-A19F-533D71896DC0}.Release|Any CPU.Build.0 = Release|Any CPU
		{E58C7DC1-4614-4FD7-871E-9E0BE03A1AD2}.Debug|Any CPU.ActiveCfg = Debug|Any CPU
		{E58C7DC1-4614-4FD7-871E-9E0BE03A1AD2}.Debug|Any CPU.Build.0 = Debug|Any CPU
		{E58C7DC1-4614-4FD7-871E-9E0BE03A1AD2}.Release|Any CPU.ActiveCfg = Release|Any CPU
		{E58C7DC1-4614-4FD7-871E-9E0BE03A1AD2}.Release|Any CPU.Build.0 = Release|Any CPU
		{C710F762-735F-4474-A244-F76C0F34A2C4}.Debug|Any CPU.ActiveCfg = Debug|Any CPU
		{C710F762-735F-4474-A244-F76C0F34A2C4}.Debug|Any CPU.Build.0 = Debug|Any CPU
		{C710F762-735F-4474-A244-F76C0F34A2C4}.Release|Any CPU.ActiveCfg = Release|Any CPU
		{C710F762-735F-4474-A244-F76C0F34A2C4}.Release|Any CPU.Build.0 = Release|Any CPU
		{A1E8F4BC-BD37-4113-8A4C-58EA6BC4C91C}.Debug|Any CPU.ActiveCfg = Debug|Any CPU
		{A1E8F4BC-BD37-4113-8A4C-58EA6BC4C91C}.Debug|Any CPU.Build.0 = Debug|Any CPU
		{A1E8F4BC-BD37-4113-8A4C-58EA6BC4C91C}.Release|Any CPU.ActiveCfg = Release|Any CPU
		{A1E8F4BC-BD37-4113-8A4C-58EA6BC4C91C}.Release|Any CPU.Build.0 = Release|Any CPU
		{ED029217-1CDA-4B21-9597-174D81BB941F}.Debug|Any CPU.ActiveCfg = Debug|Any CPU
		{ED029217-1CDA-4B21-9597-174D81BB941F}.Debug|Any CPU.Build.0 = Debug|Any CPU
		{ED029217-1CDA-4B21-9597-174D81BB941F}.Release|Any CPU.ActiveCfg = Release|Any CPU
		{ED029217-1CDA-4B21-9597-174D81BB941F}.Release|Any CPU.Build.0 = Release|Any CPU
	EndGlobalSection
	GlobalSection(SolutionProperties) = preSolution
		HideSolutionNode = FALSE
	EndGlobalSection
	GlobalSection(ExtensibilityGlobals) = postSolution
		SolutionGuid = {850C1B66-14D6-4D2C-8124-2A06D4C6F150}
	EndGlobalSection
EndGlobal
